{
  "name": "TheBestCrudUpdated",
  "version": "0.0.1",
  "lockfileVersion": 1,
  "requires": true,
  "dependencies": {
    "@babel/helper-plugin-utils": {
      "version": "7.0.0-beta.53",
      "resolved": "https://registry.npmjs.org/@babel/helper-plugin-utils/-/helper-plugin-utils-7.0.0-beta.53.tgz",
      "integrity": "sha1-1kRYY2/8JYtCcUqd2Trrb4uM8+0=",
      "dev": true
    },
    "@babel/plugin-syntax-flow": {
      "version": "7.0.0-beta.53",
      "resolved": "https://registry.npmjs.org/@babel/plugin-syntax-flow/-/plugin-syntax-flow-7.0.0-beta.53.tgz",
      "integrity": "sha1-bk7ovVeyDpVCX/7ZlYhJZ9VuKKo=",
      "dev": true,
      "requires": {
        "@babel/helper-plugin-utils": "7.0.0-beta.53"
      }
    },
    "@babel/plugin-transform-flow-strip-types": {
      "version": "7.0.0-beta.53",
      "resolved": "https://registry.npmjs.org/@babel/plugin-transform-flow-strip-types/-/plugin-transform-flow-strip-types-7.0.0-beta.53.tgz",
      "integrity": "sha1-1n+ltPeM/B+aRFVrBiOiL7LnvGM=",
      "dev": true,
      "requires": {
        "@babel/helper-plugin-utils": "7.0.0-beta.53",
        "@babel/plugin-syntax-flow": "7.0.0-beta.53"
      }
    },
    "@babel/preset-flow": {
      "version": "7.0.0-beta.53",
      "resolved": "https://registry.npmjs.org/@babel/preset-flow/-/preset-flow-7.0.0-beta.53.tgz",
      "integrity": "sha1-ailh3uShK9b1y2EWG0U997IXRB4=",
      "dev": true,
      "requires": {
        "@babel/helper-plugin-utils": "7.0.0-beta.53",
        "@babel/plugin-transform-flow-strip-types": "7.0.0-beta.53"
      }
    }
  }
}
